
Microsoft Visual Studio Solution File, Format Version 12.00
# Visual Studio Version 17
VisualStudioVersion = 17.0.31919.166
MinimumVisualStudioVersion = 10.0.40219.1
Project("{9A19103F-16F7-4668-BE54-9A1E7A4F7556}") = "assistant.infrastructure.data", "assistant.infrastructure.data\assistant.infrastructure.data.csproj", "{928A924C-C554-4C16-BD6B-AF8870C8442D}"
EndProject
Project("{FAE04EC0-301F-11D3-BF4B-00C04F79EFBC}") = "assistant.domain.account", "assistant.domain.account\assistant.domain.account.csproj", "{BEEF79E5-37FF-43B6-859F-28621BD0DDE0}"
EndProject
Global
	GlobalSection(SolutionConfigurationPlatforms) = preSolution
		Debug|Any CPU = Debug|Any CPU
		Release|Any CPU = Release|Any CPU
	EndGlobalSection
	GlobalSection(ProjectConfigurationPlatforms) = postSolution
		{928A924C-C554-4C16-BD6B-AF8870C8442D}.Debug|Any CPU.ActiveCfg = Debug|Any CPU
		{928A924C-C554-4C16-BD6B-AF8870C8442D}.Debug|Any CPU.Build.0 = Debug|Any CPU
		{928A924C-C554-4C16-BD6B-AF8870C8442D}.Release|Any CPU.ActiveCfg = Release|Any CPU
		{928A924C-C554-4C16-BD6B-AF8870C8442D}.Release|Any CPU.Build.0 = Release|Any CPU
		{BEEF79E5-37FF-43B6-859F-28621BD0DDE0}.Debug|Any CPU.ActiveCfg = Debug|Any CPU
		{BEEF79E5-37FF-43B6-859F-28621BD0DDE0}.Debug|Any CPU.Build.0 = Debug|Any CPU
		{BEEF79E5-37FF-43B6-859F-28621BD0DDE0}.Release|Any CPU.ActiveCfg = Release|Any CPU
		{BEEF79E5-37FF-43B6-859F-28621BD0DDE0}.Release|Any CPU.Build.0 = Release|Any CPU
	EndGlobalSection
	GlobalSection(SolutionProperties) = preSolution
		HideSolutionNode = FALSE
	EndGlobalSection
	GlobalSection(ExtensibilityGlobals) = postSolution
		SolutionGuid = {4D4830E3-CD79-4D4C-A2DC-BBCD46DBDF08}
	EndGlobalSection
EndGlobal
